PODS:
  - SMBase (0.5.7):
    - SwiftyJSON
  - SMKit (0.2.4):
    - SMBase (= 0.5.7)
  - SMKitUI (0.2.3):
    - SMKit (= 0.2.4)
    - ZIPFoundation
  - SwiftyJSON (5.0.2)
  - ZIPFoundation (0.9.19)

DEPENDENCIES:
  - SMKitUI (= 0.2.3)

SPEC REPOS:
  https://bitbucket.org/sencyai/ios_sdks_release.git:
    - SMBase
    - SMKit
    - SMKitUI
  https://github.com/CocoaPods/Specs.git:
    - SwiftyJSON
    - ZIPFoundation

SPEC CHECKSUMS:
  SMBase: 71585ea028b2aacccd987071027347c1906552b0
  SMKit: aa989f919411fe63ba524239be046dcc85367f51
  SMKitUI: c11bee262fb34b412ba9ad65c32b9dbc9555adfe
  SwiftyJSON: f5b1bf1cd8dd53cd25887ac0eabcfd92301c6a5a
  ZIPFoundation: b8c29ea7ae353b309bc810586181fd073cb3312c

PODFILE CHECKSUM: cdb8cdbb0ea96f3a16582445cd10a8763a844cb5

COCOAPODS: 1.15.2
