PODS:
  - SMBase (0.5.2):
    - SwiftyJSON
  - SMKit (0.1.9):
    - SMBase (= 0.5.2)
  - SMKitUI (0.1.9):
    - SMKit (= 0.1.9)
    - ZIPFoundation
  - SwiftyJSON (5.0.2)
  - ZIPFoundation (0.9.19)

DEPENDENCIES:
  - SMKitUI (= 0.1.9)

SPEC REPOS:
  https://bitbucket.org/sencyai/ios_sdks_release.git:
    - SMBase
    - SMKit
    - SMKitUI
  https://github.com/CocoaPods/Specs.git:
    - SwiftyJSON
    - ZIPFoundation

SPEC CHECKSUMS:
  SMBase: bbacc3af52a06302cb9d04006d5b5e342096687a
  SMKit: cd385ad3acdd8396f5029054bb0618225cca8564
  SMKitUI: 2b578e6b43d0a3757fcdf196fbd970c884e47737
  SwiftyJSON: f5b1bf1cd8dd53cd25887ac0eabcfd92301c6a5a
  ZIPFoundation: b8c29ea7ae353b309bc810586181fd073cb3312c

PODFILE CHECKSUM: cacd74141c6eccdd20ffc26e739d16e33381259c

COCOAPODS: 1.15.2
